// !$*UTF8*$!
{
	archiveVersion = 1;
	classes = {
	};
	objectVersion = 50;
	objects = {

/* Begin PBXBuildFile section */
		EBD5953A269922AA00685998 /* AppDelegate.swift in Sources */ = {isa = PBXBuildFile; fileRef = EBD59539269922AA00685998 /* AppDelegate.swift */; };
		EBD5953C269922AA00685998 /* SceneDelegate.swift in Sources */ = {isa = PBXBuildFile; fileRef = EBD5953B269922AA00685998 /* SceneDelegate.swift */; };
		EBD5953E269922AA00685998 /* ViewController.swift in Sources */ = {isa = PBXBuildFile; fileRef = EBD5953D269922AA00685998 /* ViewController.swift */; };
		EBD59543269922AC00685998 /* Assets.xcassets in Resources */ = {isa = PBXBuildFile; fileRef = EBD59542269922AC00685998 /* Assets.xcassets */; };
		EBD59546269922AC00685998 /* LaunchScreen.storyboard in Resources */ = {isa = PBXBuildFile; fileRef = EBD59544269922AC00685998 /* LaunchScreen.storyboard */; };
		EBD59551269922AC00685998 /* WorkoutListAppTests.swift in Sources */ = {isa = PBXBuildFile; fileRef = EBD59550269922AC00685998 /* WorkoutListAppTests.swift */; };
		EBD5955C269922AC00685998 /* WorkoutListAppUITests.swift in Sources */ = {isa = PBXBuildFile; fileRef = EBD5955B269922AC00685998 /* WorkoutListAppUITests.swift */; };
		EBD5956F2699239E00685998 /* DataSource.swift in Sources */ = {isa = PBXBuildFile; fileRef = EBD5956E2699239E00685998 /* DataSource.swift */; };
		EBD595732699245C00685998 /* ExerciseViewModel.swift in Sources */ = {isa = PBXBuildFile; fileRef = EBD595722699245C00685998 /* ExerciseViewModel.swift */; };
		EBD595752699250F00685998 /* ExerciseModel.swift in Sources */ = {isa = PBXBuildFile; fileRef = EBD595742699250F00685998 /* ExerciseModel.swift */; };
		EBD595772699281200685998 /* Result.swift in Sources */ = {isa = PBXBuildFile; fileRef = EBD595762699281200685998 /* Result.swift */; };
		EBD5957826992EA700685998 /* DataSource.swift in Sources */ = {isa = PBXBuildFile; fileRef = EBD5956E2699239E00685998 /* DataSource.swift */; };
		EBD595792699323F00685998 /* ExerciseViewModel.swift in Sources */ = {isa = PBXBuildFile; fileRef = EBD595722699245C00685998 /* ExerciseViewModel.swift */; };
		EBD5957A269938C500685998 /* ExerciseModel.swift in Sources */ = {isa = PBXBuildFile; fileRef = EBD595742699250F00685998 /* ExerciseModel.swift */; };
		EBD5957B26993A6700685998 /* Result.swift in Sources */ = {isa = PBXBuildFile; fileRef = EBD595762699281200685998 /* Result.swift */; };
		EBD59582269A281C00685998 /* WorkoutListCollectionViewController.swift in Sources */ = {isa = PBXBuildFile; fileRef = EBD59581269A281C00685998 /* WorkoutListCollectionViewController.swift */; };
		EBD59584269A299B00685998 /* WorkoutListCollectionViewModel.swift in Sources */ = {isa = PBXBuildFile; fileRef = EBD59583269A299B00685998 /* WorkoutListCollectionViewModel.swift */; };
		EBD59587269A2E9F00685998 /* WorkoutListCollectionView.swift in Sources */ = {isa = PBXBuildFile; fileRef = EBD59586269A2E9F00685998 /* WorkoutListCollectionView.swift */; };
		EBD59589269A2EE900685998 /* WorkoutListCollectionViewCell.swift in Sources */ = {isa = PBXBuildFile; fileRef = EBD59588269A2EE900685998 /* WorkoutListCollectionViewCell.swift */; };
		EBD5958D269A2F5100685998 /* UIImage+ImageCache.swift in Sources */ = {isa = PBXBuildFile; fileRef = EBD5958B269A2F5100685998 /* UIImage+ImageCache.swift */; };
		EBD5958E269A2F5100685998 /* UIColor+Palette.swift in Sources */ = {isa = PBXBuildFile; fileRef = EBD5958C269A2F5100685998 /* UIColor+Palette.swift */; };
		EBD59593269A314100685998 /* ImageCacheTypeProtocol.swift in Sources */ = {isa = PBXBuildFile; fileRef = EBD59590269A314100685998 /* ImageCacheTypeProtocol.swift */; };
		EBD59594269A314100685998 /* ImageLoader.swift in Sources */ = {isa = PBXBuildFile; fileRef = EBD59591269A314100685998 /* ImageLoader.swift */; };
		EBD59595269A314100685998 /* ImageCache.swift in Sources */ = {isa = PBXBuildFile; fileRef = EBD59592269A314100685998 /* ImageCache.swift */; };
		EBD59598269A31C700685998 /* WorkoutListCollectionViewFlowLayout.swift in Sources */ = {isa = PBXBuildFile; fileRef = EBD59597269A31C700685998 /* WorkoutListCollectionViewFlowLayout.swift */; };
		EBD5959A269A32D200685998 /* CGFloat+FlowLayout.swift in Sources */ = {isa = PBXBuildFile; fileRef = EBD59599269A32D200685998 /* CGFloat+FlowLayout.swift */; };
		EBD5959C269A349A00685998 /* Int+FlowLayout.swift in Sources */ = {isa = PBXBuildFile; fileRef = EBD5959B269A349A00685998 /* Int+FlowLayout.swift */; };
		EBD5959E269A453600685998 /* ImageModel.swift in Sources */ = {isa = PBXBuildFile; fileRef = EBD5959D269A453600685998 /* ImageModel.swift */; };
		EBD595A0269A45F400685998 /* ThumbnailModel.swift in Sources */ = {isa = PBXBuildFile; fileRef = EBD5959F269A45F400685998 /* ThumbnailModel.swift */; };
		EBD595A1269A547300685998 /* ImageModel.swift in Sources */ = {isa = PBXBuildFile; fileRef = EBD5959D269A453600685998 /* ImageModel.swift */; };
		EBD595A2269A547500685998 /* ThumbnailModel.swift in Sources */ = {isa = PBXBuildFile; fileRef = EBD5959F269A45F400685998 /* ThumbnailModel.swift */; };
		EBD595A4269A634000685998 /* String+HTMLToString.swift in Sources */ = {isa = PBXBuildFile; fileRef = EBD595A3269A634000685998 /* String+HTMLToString.swift */; };
		EBD595A8269A76EC00685998 /* WorkoutListExerciseDetailViewController.swift in Sources */ = {isa = PBXBuildFile; fileRef = EBD595A7269A76EC00685998 /* WorkoutListExerciseDetailViewController.swift */; };
		EBD595AA269A796600685998 /* WorkoutListExerciseDetailView.swift in Sources */ = {isa = PBXBuildFile; fileRef = EBD595A9269A796600685998 /* WorkoutListExerciseDetailView.swift */; };
		EBD595AC269A83DA00685998 /* CategoryResult.swift in Sources */ = {isa = PBXBuildFile; fileRef = EBD595AB269A83DA00685998 /* CategoryResult.swift */; };
		EBD595AE269A845500685998 /* CategoryModel.swift in Sources */ = {isa = PBXBuildFile; fileRef = EBD595AD269A845500685998 /* CategoryModel.swift */; };
		EBD595AF269A94BD00685998 /* CategoryModel.swift in Sources */ = {isa = PBXBuildFile; fileRef = EBD595AD269A845500685998 /* CategoryModel.swift */; };
		EBD595B0269A94C000685998 /* CategoryResult.swift in Sources */ = {isa = PBXBuildFile; fileRef = EBD595AB269A83DA00685998 /* CategoryResult.swift */; };
		EBD595B2269A9DBF00685998 /* DataSource+Generics.swift in Sources */ = {isa = PBXBuildFile; fileRef = EBD595B1269A9DBF00685998 /* DataSource+Generics.swift */; };
		EBD595B3269AA04900685998 /* DataSource+Generics.swift in Sources */ = {isa = PBXBuildFile; fileRef = EBD595B1269A9DBF00685998 /* DataSource+Generics.swift */; };
		EBD595B5269AA84B00685998 /* EquipmentResult.swift in Sources */ = {isa = PBXBuildFile; fileRef = EBD595B4269AA84B00685998 /* EquipmentResult.swift */; };
		EBD595B7269AA8A100685998 /* EquipmentModel.swift in Sources */ = {isa = PBXBuildFile; fileRef = EBD595B6269AA8A100685998 /* EquipmentModel.swift */; };
		EBD595B8269AAAD600685998 /* EquipmentResult.swift in Sources */ = {isa = PBXBuildFile; fileRef = EBD595B4269AA84B00685998 /* EquipmentResult.swift */; };
		EBD595B9269AAAD900685998 /* EquipmentModel.swift in Sources */ = {isa = PBXBuildFile; fileRef = EBD595B6269AA8A100685998 /* EquipmentModel.swift */; };
		EBD595BB269BD8A800685998 /* README.md in Resources */ = {isa = PBXBuildFile; fileRef = EBD595BA269BD8A800685998 /* README.md */; };
/* End PBXBuildFile section */

/* Begin PBXContainerItemProxy section */
		EBD5954D269922AC00685998 /* PBXContainerItemProxy */ = {
			isa = PBXContainerItemProxy;
			containerPortal = EBD5952E269922AA00685998 /* Project object */;
			proxyType = 1;
			remoteGlobalIDString = EBD59535269922AA00685998;
			remoteInfo = WorkoutListApp;
		};
		EBD59558269922AC00685998 /* PBXContainerItemProxy */ = {
			isa = PBXContainerItemProxy;
			containerPortal = EBD5952E269922AA00685998 /* Project object */;
			proxyType = 1;
			remoteGlobalIDString = EBD59535269922AA00685998;
			remoteInfo = WorkoutListApp;
		};
/* End PBXContainerItemProxy section */

/* Begin PBXFileReference section */
		EBD59536269922AA00685998 /* WorkoutListApp.app */ = {isa = PBXFileReference; explicitFileType = wrapper.application; includeInIndex = 0; path = WorkoutListApp.app; sourceTree = BUILT_PRODUCTS_DIR; };
		EBD59539269922AA00685998 /* AppDelegate.swift */ = {isa = PBXFileReference; lastKnownFileType = sourcecode.swift; path = AppDelegate.swift; sourceTree = "<group>"; };
		EBD5953B269922AA00685998 /* SceneDelegate.swift */ = {isa = PBXFileReference; lastKnownFileType = sourcecode.swift; path = SceneDelegate.swift; sourceTree = "<group>"; };
		EBD5953D269922AA00685998 /* ViewController.swift */ = {isa = PBXFileReference; lastKnownFileType = sourcecode.swift; path = ViewController.swift; sourceTree = "<group>"; };
		EBD59542269922AC00685998 /* Assets.xcassets */ = {isa = PBXFileReference; lastKnownFileType = folder.assetcatalog; path = Assets.xcassets; sourceTree = "<group>"; };
		EBD59545269922AC00685998 /* Base */ = {isa = PBXFileReference; lastKnownFileType = file.storyboard; name = Base; path = Base.lproj/LaunchScreen.storyboard; sourceTree = "<group>"; };
		EBD59547269922AC00685998 /* Info.plist */ = {isa = PBXFileReference; lastKnownFileType = text.plist.xml; path = Info.plist; sourceTree = "<group>"; };
		EBD5954C269922AC00685998 /* WorkoutListAppTests.xctest */ = {isa = PBXFileReference; explicitFileType = wrapper.cfbundle; includeInIndex = 0; path = WorkoutListAppTests.xctest; sourceTree = BUILT_PRODUCTS_DIR; };
		EBD59550269922AC00685998 /* WorkoutListAppTests.swift */ = {isa = PBXFileReference; lastKnownFileType = sourcecode.swift; path = WorkoutListAppTests.swift; sourceTree = "<group>"; };
		EBD59552269922AC00685998 /* Info.plist */ = {isa = PBXFileReference; lastKnownFileType = text.plist.xml; path = Info.plist; sourceTree = "<group>"; };
		EBD59557269922AC00685998 /* WorkoutListAppUITests.xctest */ = {isa = PBXFileReference; explicitFileType = wrapper.cfbundle; includeInIndex = 0; path = WorkoutListAppUITests.xctest; sourceTree = BUILT_PRODUCTS_DIR; };
		EBD5955B269922AC00685998 /* WorkoutListAppUITests.swift */ = {isa = PBXFileReference; lastKnownFileType = sourcecode.swift; path = WorkoutListAppUITests.swift; sourceTree = "<group>"; };
		EBD5955D269922AC00685998 /* Info.plist */ = {isa = PBXFileReference; lastKnownFileType = text.plist.xml; path = Info.plist; sourceTree = "<group>"; };
		EBD5956E2699239E00685998 /* DataSource.swift */ = {isa = PBXFileReference; lastKnownFileType = sourcecode.swift; path = DataSource.swift; sourceTree = "<group>"; };
		EBD595722699245C00685998 /* ExerciseViewModel.swift */ = {isa = PBXFileReference; lastKnownFileType = sourcecode.swift; path = ExerciseViewModel.swift; sourceTree = "<group>"; };
		EBD595742699250F00685998 /* ExerciseModel.swift */ = {isa = PBXFileReference; lastKnownFileType = sourcecode.swift; path = ExerciseModel.swift; sourceTree = "<group>"; };
		EBD595762699281200685998 /* Result.swift */ = {isa = PBXFileReference; lastKnownFileType = sourcecode.swift; path = Result.swift; sourceTree = "<group>"; };
		EBD59581269A281C00685998 /* WorkoutListCollectionViewController.swift */ = {isa = PBXFileReference; lastKnownFileType = sourcecode.swift; path = WorkoutListCollectionViewController.swift; sourceTree = "<group>"; };
		EBD59583269A299B00685998 /* WorkoutListCollectionViewModel.swift */ = {isa = PBXFileReference; lastKnownFileType = sourcecode.swift; path = WorkoutListCollectionViewModel.swift; sourceTree = "<group>"; };
		EBD59586269A2E9F00685998 /* WorkoutListCollectionView.swift */ = {isa = PBXFileReference; lastKnownFileType = sourcecode.swift; path = WorkoutListCollectionView.swift; sourceTree = "<group>"; };
		EBD59588269A2EE900685998 /* WorkoutListCollectionViewCell.swift */ = {isa = PBXFileReference; lastKnownFileType = sourcecode.swift; path = WorkoutListCollectionViewCell.swift; sourceTree = "<group>"; };
		EBD5958B269A2F5100685998 /* UIImage+ImageCache.swift */ = {isa = PBXFileReference; fileEncoding = 4; lastKnownFileType = sourcecode.swift; path = "UIImage+ImageCache.swift"; sourceTree = "<group>"; };
		EBD5958C269A2F5100685998 /* UIColor+Palette.swift */ = {isa = PBXFileReference; fileEncoding = 4; lastKnownFileType = sourcecode.swift; path = "UIColor+Palette.swift"; sourceTree = "<group>"; };
		EBD59590269A314100685998 /* ImageCacheTypeProtocol.swift */ = {isa = PBXFileReference; fileEncoding = 4; lastKnownFileType = sourcecode.swift; path = ImageCacheTypeProtocol.swift; sourceTree = "<group>"; };
		EBD59591269A314100685998 /* ImageLoader.swift */ = {isa = PBXFileReference; fileEncoding = 4; lastKnownFileType = sourcecode.swift; path = ImageLoader.swift; sourceTree = "<group>"; };
		EBD59592269A314100685998 /* ImageCache.swift */ = {isa = PBXFileReference; fileEncoding = 4; lastKnownFileType = sourcecode.swift; path = ImageCache.swift; sourceTree = "<group>"; };
		EBD59597269A31C700685998 /* WorkoutListCollectionViewFlowLayout.swift */ = {isa = PBXFileReference; lastKnownFileType = sourcecode.swift; path = WorkoutListCollectionViewFlowLayout.swift; sourceTree = "<group>"; };
		EBD59599269A32D200685998 /* CGFloat+FlowLayout.swift */ = {isa = PBXFileReference; lastKnownFileType = sourcecode.swift; path = "CGFloat+FlowLayout.swift"; sourceTree = "<group>"; };
		EBD5959B269A349A00685998 /* Int+FlowLayout.swift */ = {isa = PBXFileReference; lastKnownFileType = sourcecode.swift; path = "Int+FlowLayout.swift"; sourceTree = "<group>"; };
		EBD5959D269A453600685998 /* ImageModel.swift */ = {isa = PBXFileReference; lastKnownFileType = sourcecode.swift; path = ImageModel.swift; sourceTree = "<group>"; };
		EBD5959F269A45F400685998 /* ThumbnailModel.swift */ = {isa = PBXFileReference; lastKnownFileType = sourcecode.swift; path = ThumbnailModel.swift; sourceTree = "<group>"; };
		EBD595A3269A634000685998 /* String+HTMLToString.swift */ = {isa = PBXFileReference; lastKnownFileType = sourcecode.swift; path = "String+HTMLToString.swift"; sourceTree = "<group>"; };
		EBD595A7269A76EC00685998 /* WorkoutListExerciseDetailViewController.swift */ = {isa = PBXFileReference; lastKnownFileType = sourcecode.swift; path = WorkoutListExerciseDetailViewController.swift; sourceTree = "<group>"; };
		EBD595A9269A796600685998 /* WorkoutListExerciseDetailView.swift */ = {isa = PBXFileReference; lastKnownFileType = sourcecode.swift; path = WorkoutListExerciseDetailView.swift; sourceTree = "<group>"; };
		EBD595AB269A83DA00685998 /* CategoryResult.swift */ = {isa = PBXFileReference; lastKnownFileType = sourcecode.swift; path = CategoryResult.swift; sourceTree = "<group>"; };
		EBD595AD269A845500685998 /* CategoryModel.swift */ = {isa = PBXFileReference; lastKnownFileType = sourcecode.swift; path = CategoryModel.swift; sourceTree = "<group>"; };
		EBD595B1269A9DBF00685998 /* DataSource+Generics.swift */ = {isa = PBXFileReference; lastKnownFileType = sourcecode.swift; path = "DataSource+Generics.swift"; sourceTree = "<group>"; };
		EBD595B4269AA84B00685998 /* EquipmentResult.swift */ = {isa = PBXFileReference; lastKnownFileType = sourcecode.swift; path = EquipmentResult.swift; sourceTree = "<group>"; };
		EBD595B6269AA8A100685998 /* EquipmentModel.swift */ = {isa = PBXFileReference; lastKnownFileType = sourcecode.swift; path = EquipmentModel.swift; sourceTree = "<group>"; };
		EBD595BA269BD8A800685998 /* README.md */ = {isa = PBXFileReference; fileEncoding = 4; lastKnownFileType = net.daringfireball.markdown; path = README.md; sourceTree = "<group>"; };
/* End PBXFileReference section */

/* Begin PBXFrameworksBuildPhase section */
		EBD59533269922AA00685998 /* Frameworks */ = {
			isa = PBXFrameworksBuildPhase;
			buildActionMask = 2147483647;
			files = (
			);
			runOnlyForDeploymentPostprocessing = 0;
		};
		EBD59549269922AC00685998 /* Frameworks */ = {
			isa = PBXFrameworksBuildPhase;
			buildActionMask = 2147483647;
			files = (
			);
			runOnlyForDeploymentPostprocessing = 0;
		};
		EBD59554269922AC00685998 /* Frameworks */ = {
			isa = PBXFrameworksBuildPhase;
			buildActionMask = 2147483647;
			files = (
			);
			runOnlyForDeploymentPostprocessing = 0;
		};
/* End PBXFrameworksBuildPhase section */

/* Begin PBXGroup section */
		EBD5952D269922AA00685998 = {
			isa = PBXGroup;
			children = (
				EBD595BA269BD8A800685998 /* README.md */,
				EBD59538269922AA00685998 /* WorkoutListApp */,
				EBD5954F269922AC00685998 /* WorkoutListAppTests */,
				EBD5955A269922AC00685998 /* WorkoutListAppUITests */,
				EBD59537269922AA00685998 /* Products */,
			);
			sourceTree = "<group>";
		};
		EBD59537269922AA00685998 /* Products */ = {
			isa = PBXGroup;
			children = (
				EBD59536269922AA00685998 /* WorkoutListApp.app */,
				EBD5954C269922AC00685998 /* WorkoutListAppTests.xctest */,
				EBD59557269922AC00685998 /* WorkoutListAppUITests.xctest */,
			);
			name = Products;
			sourceTree = "<group>";
		};
		EBD59538269922AA00685998 /* WorkoutListApp */ = {
			isa = PBXGroup;
			children = (
				EBD5958F269A312E00685998 /* Resources */,
				EBD5958A269A2F3200685998 /* Extension */,
				EBD59585269A2E5900685998 /* View */,
				EBD5957E269961D200685998 /* Controller */,
				EBD59571269923FD00685998 /* Model */,
				EBD59570269923F500685998 /* ViewModel */,
				EBD5956D2699238B00685998 /* DataSource */,
				EBD59539269922AA00685998 /* AppDelegate.swift */,
				EBD5953B269922AA00685998 /* SceneDelegate.swift */,
				EBD5953D269922AA00685998 /* ViewController.swift */,
				EBD59542269922AC00685998 /* Assets.xcassets */,
				EBD59544269922AC00685998 /* LaunchScreen.storyboard */,
				EBD59547269922AC00685998 /* Info.plist */,
			);
			path = WorkoutListApp;
			sourceTree = "<group>";
		};
		EBD5954F269922AC00685998 /* WorkoutListAppTests */ = {
			isa = PBXGroup;
			children = (
				EBD59550269922AC00685998 /* WorkoutListAppTests.swift */,
				EBD59552269922AC00685998 /* Info.plist */,
			);
			path = WorkoutListAppTests;
			sourceTree = "<group>";
		};
		EBD5955A269922AC00685998 /* WorkoutListAppUITests */ = {
			isa = PBXGroup;
			children = (
				EBD5955B269922AC00685998 /* WorkoutListAppUITests.swift */,
				EBD5955D269922AC00685998 /* Info.plist */,
			);
			path = WorkoutListAppUITests;
			sourceTree = "<group>";
		};
		EBD5956D2699238B00685998 /* DataSource */ = {
			isa = PBXGroup;
			children = (
				EBD5956E2699239E00685998 /* DataSource.swift */,
				EBD595B1269A9DBF00685998 /* DataSource+Generics.swift */,
			);
			path = DataSource;
			sourceTree = "<group>";
		};
		EBD59570269923F500685998 /* ViewModel */ = {
			isa = PBXGroup;
			children = (
				EBD595722699245C00685998 /* ExerciseViewModel.swift */,
				EBD59583269A299B00685998 /* WorkoutListCollectionViewModel.swift */,
			);
			path = ViewModel;
			sourceTree = "<group>";
		};
		EBD59571269923FD00685998 /* Model */ = {
			isa = PBXGroup;
			children = (
				EBD595742699250F00685998 /* ExerciseModel.swift */,
				EBD595762699281200685998 /* Result.swift */,
				EBD5959D269A453600685998 /* ImageModel.swift */,
				EBD5959F269A45F400685998 /* ThumbnailModel.swift */,
				EBD595AB269A83DA00685998 /* CategoryResult.swift */,
				EBD595AD269A845500685998 /* CategoryModel.swift */,
				EBD595B4269AA84B00685998 /* EquipmentResult.swift */,
				EBD595B6269AA8A100685998 /* EquipmentModel.swift */,
			);
			path = Model;
			sourceTree = "<group>";
		};
		EBD5957E269961D200685998 /* Controller */ = {
			isa = PBXGroup;
			children = (
				EBD59581269A281C00685998 /* WorkoutListCollectionViewController.swift */,
				EBD595A7269A76EC00685998 /* WorkoutListExerciseDetailViewController.swift */,
			);
			path = Controller;
			sourceTree = "<group>";
		};
		EBD59585269A2E5900685998 /* View */ = {
			isa = PBXGroup;
			children = (
				EBD59596269A317300685998 /* Layout */,
				EBD59586269A2E9F00685998 /* WorkoutListCollectionView.swift */,
				EBD59588269A2EE900685998 /* WorkoutListCollectionViewCell.swift */,
				EBD595A9269A796600685998 /* WorkoutListExerciseDetailView.swift */,
			);
			path = View;
			sourceTree = "<group>";
		};
		EBD5958A269A2F3200685998 /* Extension */ = {
			isa = PBXGroup;
			children = (
				EBD5958C269A2F5100685998 /* UIColor+Palette.swift */,
				EBD59599269A32D200685998 /* CGFloat+FlowLayout.swift */,
				EBD5958B269A2F5100685998 /* UIImage+ImageCache.swift */,
				EBD5959B269A349A00685998 /* Int+FlowLayout.swift */,
				EBD595A3269A634000685998 /* String+HTMLToString.swift */,
			);
			path = Extension;
			sourceTree = "<group>";
		};
		EBD5958F269A312E00685998 /* Resources */ = {
			isa = PBXGroup;
			children = (
				EBD59592269A314100685998 /* ImageCache.swift */,
				EBD59590269A314100685998 /* ImageCacheTypeProtocol.swift */,
				EBD59591269A314100685998 /* ImageLoader.swift */,
			);
			path = Resources;
			sourceTree = "<group>";
		};
		EBD59596269A317300685998 /* Layout */ = {
			isa = PBXGroup;
			children = (
				EBD59597269A31C700685998 /* WorkoutListCollectionViewFlowLayout.swift */,
			);
			path = Layout;
			sourceTree = "<group>";
		};
/* End PBXGroup section */

/* Begin PBXNativeTarget section */
		EBD59535269922AA00685998 /* WorkoutListApp */ = {
			isa = PBXNativeTarget;
			buildConfigurationList = EBD59560269922AC00685998 /* Build configuration list for PBXNativeTarget "WorkoutListApp" */;
			buildPhases = (
				EBD59532269922AA00685998 /* Sources */,
				EBD59533269922AA00685998 /* Frameworks */,
				EBD59534269922AA00685998 /* Resources */,
			);
			buildRules = (
			);
			dependencies = (
			);
			name = WorkoutListApp;
			productName = WorkoutListApp;
			productReference = EBD59536269922AA00685998 /* WorkoutListApp.app */;
			productType = "com.apple.product-type.application";
		};
		EBD5954B269922AC00685998 /* WorkoutListAppTests */ = {
			isa = PBXNativeTarget;
			buildConfigurationList = EBD59563269922AC00685998 /* Build configuration list for PBXNativeTarget "WorkoutListAppTests" */;
			buildPhases = (
				EBD59548269922AC00685998 /* Sources */,
				EBD59549269922AC00685998 /* Frameworks */,
				EBD5954A269922AC00685998 /* Resources */,
			);
			buildRules = (
			);
			dependencies = (
				EBD5954E269922AC00685998 /* PBXTargetDependency */,
			);
			name = WorkoutListAppTests;
			productName = WorkoutListAppTests;
			productReference = EBD5954C269922AC00685998 /* WorkoutListAppTests.xctest */;
			productType = "com.apple.product-type.bundle.unit-test";
		};
		EBD59556269922AC00685998 /* WorkoutListAppUITests */ = {
			isa = PBXNativeTarget;
			buildConfigurationList = EBD59566269922AC00685998 /* Build configuration list for PBXNativeTarget "WorkoutListAppUITests" */;
			buildPhases = (
				EBD59553269922AC00685998 /* Sources */,
				EBD59554269922AC00685998 /* Frameworks */,
				EBD59555269922AC00685998 /* Resources */,
			);
			buildRules = (
			);
			dependencies = (
				EBD59559269922AC00685998 /* PBXTargetDependency */,
			);
			name = WorkoutListAppUITests;
			productName = WorkoutListAppUITests;
			productReference = EBD59557269922AC00685998 /* WorkoutListAppUITests.xctest */;
			productType = "com.apple.product-type.bundle.ui-testing";
		};
/* End PBXNativeTarget section */

/* Begin PBXProject section */
		EBD5952E269922AA00685998 /* Project object */ = {
			isa = PBXProject;
			attributes = {
				LastSwiftUpdateCheck = 1250;
				LastUpgradeCheck = 1250;
				TargetAttributes = {
					EBD59535269922AA00685998 = {
						CreatedOnToolsVersion = 12.5.1;
					};
					EBD5954B269922AC00685998 = {
						CreatedOnToolsVersion = 12.5.1;
						TestTargetID = EBD59535269922AA00685998;
					};
					EBD59556269922AC00685998 = {
						CreatedOnToolsVersion = 12.5.1;
						TestTargetID = EBD59535269922AA00685998;
					};
				};
			};
			buildConfigurationList = EBD59531269922AA00685998 /* Build configuration list for PBXProject "WorkoutListApp" */;
			compatibilityVersion = "Xcode 9.3";
			developmentRegion = en;
			hasScannedForEncodings = 0;
			knownRegions = (
				en,
				Base,
			);
			mainGroup = EBD5952D269922AA00685998;
			productRefGroup = EBD59537269922AA00685998 /* Products */;
			projectDirPath = "";
			projectRoot = "";
			targets = (
				EBD59535269922AA00685998 /* WorkoutListApp */,
				EBD5954B269922AC00685998 /* WorkoutListAppTests */,
				EBD59556269922AC00685998 /* WorkoutListAppUITests */,
			);
		};
/* End PBXProject section */

/* Begin PBXResourcesBuildPhase section */
		EBD59534269922AA00685998 /* Resources */ = {
			isa = PBXResourcesBuildPhase;
			buildActionMask = 2147483647;
			files = (
				EBD595BB269BD8A800685998 /* README.md in Resources */,
				EBD59546269922AC00685998 /* LaunchScreen.storyboard in Resources */,
				EBD59543269922AC00685998 /* Assets.xcassets in Resources */,
			);
			runOnlyForDeploymentPostprocessing = 0;
		};
		EBD5954A269922AC00685998 /* Resources */ = {
			isa = PBXResourcesBuildPhase;
			buildActionMask = 2147483647;
			files = (
			);
			runOnlyForDeploymentPostprocessing = 0;
		};
		EBD59555269922AC00685998 /* Resources */ = {
			isa = PBXResourcesBuildPhase;
			buildActionMask = 2147483647;
			files = (
			);
			runOnlyForDeploymentPostprocessing = 0;
		};
/* End PBXResourcesBuildPhase section */

/* Begin PBXSourcesBuildPhase section */
		EBD59532269922AA00685998 /* Sources */ = {
			isa = PBXSourcesBuildPhase;
			buildActionMask = 2147483647;
			files = (
				EBD59587269A2E9F00685998 /* WorkoutListCollectionView.swift in Sources */,
				EBD595AC269A83DA00685998 /* CategoryResult.swift in Sources */,
				EBD5958E269A2F5100685998 /* UIColor+Palette.swift in Sources */,
				EBD59595269A314100685998 /* ImageCache.swift in Sources */,
				EBD59594269A314100685998 /* ImageLoader.swift in Sources */,
				EBD59598269A31C700685998 /* WorkoutListCollectionViewFlowLayout.swift in Sources */,
				EBD5953E269922AA00685998 /* ViewController.swift in Sources */,
				EBD595B5269AA84B00685998 /* EquipmentResult.swift in Sources */,
				EBD59589269A2EE900685998 /* WorkoutListCollectionViewCell.swift in Sources */,
				EBD595752699250F00685998 /* ExerciseModel.swift in Sources */,
				EBD5959A269A32D200685998 /* CGFloat+FlowLayout.swift in Sources */,
				EBD595732699245C00685998 /* ExerciseViewModel.swift in Sources */,
				EBD5953A269922AA00685998 /* AppDelegate.swift in Sources */,
				EBD5959E269A453600685998 /* ImageModel.swift in Sources */,
				EBD595AE269A845500685998 /* CategoryModel.swift in Sources */,
				EBD595772699281200685998 /* Result.swift in Sources */,
				EBD5956F2699239E00685998 /* DataSource.swift in Sources */,
				EBD595A0269A45F400685998 /* ThumbnailModel.swift in Sources */,
				EBD5959C269A349A00685998 /* Int+FlowLayout.swift in Sources */,
				EBD595B2269A9DBF00685998 /* DataSource+Generics.swift in Sources */,
				EBD59584269A299B00685998 /* WorkoutListCollectionViewModel.swift in Sources */,
				EBD595B7269AA8A100685998 /* EquipmentModel.swift in Sources */,
				EBD59582269A281C00685998 /* WorkoutListCollectionViewController.swift in Sources */,
				EBD595A8269A76EC00685998 /* WorkoutListExerciseDetailViewController.swift in Sources */,
				EBD595AA269A796600685998 /* WorkoutListExerciseDetailView.swift in Sources */,
				EBD5958D269A2F5100685998 /* UIImage+ImageCache.swift in Sources */,
				EBD59593269A314100685998 /* ImageCacheTypeProtocol.swift in Sources */,
				EBD5953C269922AA00685998 /* SceneDelegate.swift in Sources */,
				EBD595A4269A634000685998 /* String+HTMLToString.swift in Sources */,
			);
			runOnlyForDeploymentPostprocessing = 0;
		};
		EBD59548269922AC00685998 /* Sources */ = {
			isa = PBXSourcesBuildPhase;
			buildActionMask = 2147483647;
			files = (
				EBD595B9269AAAD900685998 /* EquipmentModel.swift in Sources */,
				EBD595B0269A94C000685998 /* CategoryResult.swift in Sources */,
				EBD595A2269A547500685998 /* ThumbnailModel.swift in Sources */,
				EBD595792699323F00685998 /* ExerciseViewModel.swift in Sources */,
				EBD595A1269A547300685998 /* ImageModel.swift in Sources */,
				EBD5957B26993A6700685998 /* Result.swift in Sources */,
				EBD595B8269AAAD600685998 /* EquipmentResult.swift in Sources */,
				EBD5957826992EA700685998 /* DataSource.swift in Sources */,
				EBD595B3269AA04900685998 /* DataSource+Generics.swift in Sources */,
				EBD595AF269A94BD00685998 /* CategoryModel.swift in Sources */,
				EBD59551269922AC00685998 /* WorkoutListAppTests.swift in Sources */,
				EBD5957A269938C500685998 /* ExerciseModel.swift in Sources */,
			);
			runOnlyForDeploymentPostprocessing = 0;
		};
		EBD59553269922AC00685998 /* Sources */ = {
			isa = PBXSourcesBuildPhase;
			buildActionMask = 2147483647;
			files = (
				EBD5955C269922AC00685998 /* WorkoutListAppUITests.swift in Sources */,
			);
			runOnlyForDeploymentPostprocessing = 0;
		};
/* End PBXSourcesBuildPhase section */

/* Begin PBXTargetDependency section */
		EBD5954E269922AC00685998 /* PBXTargetDependency */ = {
			isa = PBXTargetDependency;
			target = EBD59535269922AA00685998 /* WorkoutListApp */;
			targetProxy = EBD5954D269922AC00685998 /* PBXContainerItemProxy */;
		};
		EBD59559269922AC00685998 /* PBXTargetDependency */ = {
			isa = PBXTargetDependency;
			target = EBD59535269922AA00685998 /* WorkoutListApp */;
			targetProxy = EBD59558269922AC00685998 /* PBXContainerItemProxy */;
		};
/* End PBXTargetDependency section */

/* Begin PBXVariantGroup section */
		EBD59544269922AC00685998 /* LaunchScreen.storyboard */ = {
			isa = PBXVariantGroup;
			children = (
				EBD59545269922AC00685998 /* Base */,
			);
			name = LaunchScreen.storyboard;
			sourceTree = "<group>";
		};
/* End PBXVariantGroup section */

/* Begin XCBuildConfiguration section */
		EBD5955E269922AC00685998 /* Debug */ = {
			isa = XCBuildConfiguration;
			buildSettings = {
				ALWAYS_SEARCH_USER_PATHS = NO;
				CLANG_ANALYZER_NONNULL = YES;
				CLANG_ANALYZER_NUMBER_OBJECT_CONVERSION = YES_AGGRESSIVE;
				CLANG_CXX_LANGUAGE_STANDARD = "gnu++14";
				CLANG_CXX_LIBRARY = "libc++";
				CLANG_ENABLE_MODULES = YES;
				CLANG_ENABLE_OBJC_ARC = YES;
				CLANG_ENABLE_OBJC_WEAK = YES;
				CLANG_WARN_BLOCK_CAPTURE_AUTORELEASING = YES;
				CLANG_WARN_BOOL_CONVERSION = YES;
				CLANG_WARN_COMMA = YES;
				CLANG_WARN_CONSTANT_CONVERSION = YES;
				CLANG_WARN_DEPRECATED_OBJC_IMPLEMENTATIONS = YES;
				CLANG_WARN_DIRECT_OBJC_ISA_USAGE = YES_ERROR;
				CLANG_WARN_DOCUMENTATION_COMMENTS = YES;
				CLANG_WARN_EMPTY_BODY = YES;
				CLANG_WARN_ENUM_CONVERSION = YES;
				CLANG_WARN_INFINITE_RECURSION = YES;
				CLANG_WARN_INT_CONVERSION = YES;
				CLANG_WARN_NON_LITERAL_NULL_CONVERSION = YES;
				CLANG_WARN_OBJC_IMPLICIT_RETAIN_SELF = YES;
				CLANG_WARN_OBJC_LITERAL_CONVERSION = YES;
				CLANG_WARN_OBJC_ROOT_CLASS = YES_ERROR;
				CLANG_WARN_QUOTED_INCLUDE_IN_FRAMEWORK_HEADER = YES;
				CLANG_WARN_RANGE_LOOP_ANALYSIS = YES;
				CLANG_WARN_STRICT_PROTOTYPES = YES;
				CLANG_WARN_SUSPICIOUS_MOVE = YES;
				CLANG_WARN_UNGUARDED_AVAILABILITY = YES_AGGRESSIVE;
				CLANG_WARN_UNREACHABLE_CODE = YES;
				CLANG_WARN__DUPLICATE_METHOD_MATCH = YES;
				COPY_PHASE_STRIP = NO;
				DEBUG_INFORMATION_FORMAT = dwarf;
				ENABLE_STRICT_OBJC_MSGSEND = YES;
				ENABLE_TESTABILITY = YES;
				GCC_C_LANGUAGE_STANDARD = gnu11;
				GCC_DYNAMIC_NO_PIC = NO;
				GCC_NO_COMMON_BLOCKS = YES;
				GCC_OPTIMIZATION_LEVEL = 0;
				GCC_PREPROCESSOR_DEFINITIONS = (
					"DEBUG=1",
					"$(inherited)",
				);
				GCC_WARN_64_TO_32_BIT_CONVERSION = YES;
				GCC_WARN_ABOUT_RETURN_TYPE = YES_ERROR;
				GCC_WARN_UNDECLARED_SELECTOR = YES;
				GCC_WARN_UNINITIALIZED_AUTOS = YES_AGGRESSIVE;
				GCC_WARN_UNUSED_FUNCTION = YES;
				GCC_WARN_UNUSED_VARIABLE = YES;
				IPHONEOS_DEPLOYMENT_TARGET = 14.5;
				MTL_ENABLE_DEBUG_INFO = INCLUDE_SOURCE;
				MTL_FAST_MATH = YES;
				ONLY_ACTIVE_ARCH = YES;
				SDKROOT = iphoneos;
				SWIFT_ACTIVE_COMPILATION_CONDITIONS = DEBUG;
				SWIFT_OPTIMIZATION_LEVEL = "-Onone";
			};
			name = Debug;
		};
		EBD5955F269922AC00685998 /* Release */ = {
			isa = XCBuildConfiguration;
			buildSettings = {
				ALWAYS_SEARCH_USER_PATHS = NO;
				CLANG_ANALYZER_NONNULL = YES;
				CLANG_ANALYZER_NUMBER_OBJECT_CONVERSION = YES_AGGRESSIVE;
				CLANG_CXX_LANGUAGE_STANDARD = "gnu++14";
				CLANG_CXX_LIBRARY = "libc++";
				CLANG_ENABLE_MODULES = YES;
				CLANG_ENABLE_OBJC_ARC = YES;
				CLANG_ENABLE_OBJC_WEAK = YES;
				CLANG_WARN_BLOCK_CAPTURE_AUTORELEASING = YES;
				CLANG_WARN_BOOL_CONVERSION = YES;
				CLANG_WARN_COMMA = YES;
				CLANG_WARN_CONSTANT_CONVERSION = YES;
				CLANG_WARN_DEPRECATED_OBJC_IMPLEMENTATIONS = YES;
				CLANG_WARN_DIRECT_OBJC_ISA_USAGE = YES_ERROR;
				CLANG_WARN_DOCUMENTATION_COMMENTS = YES;
				CLANG_WARN_EMPTY_BODY = YES;
				CLANG_WARN_ENUM_CONVERSION = YES;
				CLANG_WARN_INFINITE_RECURSION = YES;
				CLANG_WARN_INT_CONVERSION = YES;
				CLANG_WARN_NON_LITERAL_NULL_CONVERSION = YES;
				CLANG_WARN_OBJC_IMPLICIT_RETAIN_SELF = YES;
				CLANG_WARN_OBJC_LITERAL_CONVERSION = YES;
				CLANG_WARN_OBJC_ROOT_CLASS = YES_ERROR;
				CLANG_WARN_QUOTED_INCLUDE_IN_FRAMEWORK_HEADER = YES;
				CLANG_WARN_RANGE_LOOP_ANALYSIS = YES;
				CLANG_WARN_STRICT_PROTOTYPES = YES;
				CLANG_WARN_SUSPICIOUS_MOVE = YES;
				CLANG_WARN_UNGUARDED_AVAILABILITY = YES_AGGRESSIVE;
				CLANG_WARN_UNREACHABLE_CODE = YES;
				CLANG_WARN__DUPLICATE_METHOD_MATCH = YES;
				COPY_PHASE_STRIP = NO;
				DEBUG_INFORMATION_FORMAT = "dwarf-with-dsym";
				ENABLE_NS_ASSERTIONS = NO;
				ENABLE_STRICT_OBJC_MSGSEND = YES;
				GCC_C_LANGUAGE_STANDARD = gnu11;
				GCC_NO_COMMON_BLOCKS = YES;
				GCC_WARN_64_TO_32_BIT_CONVERSION = YES;
				GCC_WARN_ABOUT_RETURN_TYPE = YES_ERROR;
				GCC_WARN_UNDECLARED_SELECTOR = YES;
				GCC_WARN_UNINITIALIZED_AUTOS = YES_AGGRESSIVE;
				GCC_WARN_UNUSED_FUNCTION = YES;
				GCC_WARN_UNUSED_VARIABLE = YES;
				IPHONEOS_DEPLOYMENT_TARGET = 14.5;
				MTL_ENABLE_DEBUG_INFO = NO;
				MTL_FAST_MATH = YES;
				SDKROOT = iphoneos;
				SWIFT_COMPILATION_MODE = wholemodule;
				SWIFT_OPTIMIZATION_LEVEL = "-O";
				VALIDATE_PRODUCT = YES;
			};
			name = Release;
		};
		EBD59561269922AC00685998 /* Debug */ = {
			isa = XCBuildConfiguration;
			buildSettings = {
				ASSETCATALOG_COMPILER_APPICON_NAME = AppIcon;
				ASSETCATALOG_COMPILER_GLOBAL_ACCENT_COLOR_NAME = AccentColor;
				CODE_SIGN_STYLE = Automatic;
				DEVELOPMENT_TEAM = S775VU6U75;
				INFOPLIST_FILE = WorkoutListApp/Info.plist;
				LD_RUNPATH_SEARCH_PATHS = (
					"$(inherited)",
					"@executable_path/Frameworks",
				);
				PRODUCT_BUNDLE_IDENTIFIER = com.pedrotrujillo.WorkoutListApp;
				PRODUCT_NAME = "$(TARGET_NAME)";
				SWIFT_VERSION = 5.0;
				TARGETED_DEVICE_FAMILY = "1,2";
			};
			name = Debug;
		};
		EBD59562269922AC00685998 /* Release */ = {
			isa = XCBuildConfiguration;
			buildSettings = {
				ASSETCATALOG_COMPILER_APPICON_NAME = AppIcon;
				ASSETCATALOG_COMPILER_GLOBAL_ACCENT_COLOR_NAME = AccentColor;
				CODE_SIGN_STYLE = Automatic;
				DEVELOPMENT_TEAM = S775VU6U75;
				INFOPLIST_FILE = WorkoutListApp/Info.plist;
				LD_RUNPATH_SEARCH_PATHS = (
					"$(inherited)",
					"@executable_path/Frameworks",
				);
				PRODUCT_BUNDLE_IDENTIFIER = com.pedrotrujillo.WorkoutListApp;
				PRODUCT_NAME = "$(TARGET_NAME)";
				SWIFT_VERSION = 5.0;
				TARGETED_DEVICE_FAMILY = "1,2";
			};
			name = Release;
		};
		EBD59564269922AC00685998 /* Debug */ = {
			isa = XCBuildConfiguration;
			buildSettings = {
				ALWAYS_EMBED_SWIFT_STANDARD_LIBRARIES = YES;
				BUNDLE_LOADER = "$(TEST_HOST)";
				CODE_SIGN_STYLE = Automatic;
				DEVELOPMENT_TEAM = 82M2W2BM84;
				INFOPLIST_FILE = WorkoutListAppTests/Info.plist;
				IPHONEOS_DEPLOYMENT_TARGET = 14.5;
				LD_RUNPATH_SEARCH_PATHS = (
					"$(inherited)",
					"@executable_path/Frameworks",
					"@loader_path/Frameworks",
				);
				PRODUCT_BUNDLE_IDENTIFIER = com.pedrotrujillo.WorkoutList.WorkoutListAppTests;
				PRODUCT_NAME = "$(TARGET_NAME)";
				SWIFT_VERSION = 5.0;
				TARGETED_DEVICE_FAMILY = "1,2";
				TEST_HOST = "$(BUILT_PRODUCTS_DIR)/WorkoutListApp.app/WorkoutListApp";
			};
			name = Debug;
		};
		EBD59565269922AC00685998 /* Release */ = {
			isa = XCBuildConfiguration;
			buildSettings = {
				ALWAYS_EMBED_SWIFT_STANDARD_LIBRARIES = YES;
				BUNDLE_LOADER = "$(TEST_HOST)";
				CODE_SIGN_STYLE = Automatic;
				DEVELOPMENT_TEAM = 82M2W2BM84;
				INFOPLIST_FILE = WorkoutListAppTests/Info.plist;
				IPHONEOS_DEPLOYMENT_TARGET = 14.5;
				LD_RUNPATH_SEARCH_PATHS = (
					"$(inherited)",
					"@executable_path/Frameworks",
					"@loader_path/Frameworks",
				);
				PRODUCT_BUNDLE_IDENTIFIER = com.pedrotrujillo.WorkoutList.WorkoutListAppTests;
				PRODUCT_NAME = "$(TARGET_NAME)";
				SWIFT_VERSION = 5.0;
				TARGETED_DEVICE_FAMILY = "1,2";
				TEST_HOST = "$(BUILT_PRODUCTS_DIR)/WorkoutListApp.app/WorkoutListApp";
			};
			name = Release;
		};
		EBD59567269922AC00685998 /* Debug */ = {
			isa = XCBuildConfiguration;
			buildSettings = {
				ALWAYS_EMBED_SWIFT_STANDARD_LIBRARIES = YES;
				CODE_SIGN_STYLE = Automatic;
				DEVELOPMENT_TEAM = 82M2W2BM84;
				INFOPLIST_FILE = WorkoutListAppUITests/Info.plist;
				LD_RUNPATH_SEARCH_PATHS = (
					"$(inherited)",
					"@executable_path/Frameworks",
					"@loader_path/Frameworks",
				);
				PRODUCT_BUNDLE_IDENTIFIER = com.pedrotrujillo.WorkoutList.WorkoutListAppUITests;
				PRODUCT_NAME = "$(TARGET_NAME)";
				SWIFT_VERSION = 5.0;
				TARGETED_DEVICE_FAMILY = "1,2";
				TEST_TARGET_NAME = WorkoutListApp;
			};
			name = Debug;
		};
		EBD59568269922AC00685998 /* Release */ = {
			isa = XCBuildConfiguration;
			buildSettings = {
				ALWAYS_EMBED_SWIFT_STANDARD_LIBRARIES = YES;
				CODE_SIGN_STYLE = Automatic;
				DEVELOPMENT_TEAM = 82M2W2BM84;
				INFOPLIST_FILE = WorkoutListAppUITests/Info.plist;
				LD_RUNPATH_SEARCH_PATHS = (
					"$(inherited)",
					"@executable_path/Frameworks",
					"@loader_path/Frameworks",
				);
				PRODUCT_BUNDLE_IDENTIFIER = com.pedrotrujillo.WorkoutList.WorkoutListAppUITests;
				PRODUCT_NAME = "$(TARGET_NAME)";
				SWIFT_VERSION = 5.0;
				TARGETED_DEVICE_FAMILY = "1,2";
				TEST_TARGET_NAME = WorkoutListApp;
			};
			name = Release;
		};
/* End XCBuildConfiguration section */

/* Begin XCConfigurationList section */
		EBD59531269922AA00685998 /* Build configuration list for PBXProject "WorkoutListApp" */ = {
			isa = XCConfigurationList;
			buildConfigurations = (
				EBD5955E269922AC00685998 /* Debug */,
				EBD5955F269922AC00685998 /* Release */,
			);
			defaultConfigurationIsVisible = 0;
			defaultConfigurationName = Release;
		};
		EBD59560269922AC00685998 /* Build configuration list for PBXNativeTarget "WorkoutListApp" */ = {
			isa = XCConfigurationList;
			buildConfigurations = (
				EBD59561269922AC00685998 /* Debug */,
				EBD59562269922AC00685998 /* Release */,
			);
			defaultConfigurationIsVisible = 0;
			defaultConfigurationName = Release;
		};
		EBD59563269922AC00685998 /* Build configuration list for PBXNativeTarget "WorkoutListAppTests" */ = {
			isa = XCConfigurationList;
			buildConfigurations = (
				EBD59564269922AC00685998 /* Debug */,
				EBD59565269922AC00685998 /* Release */,
			);
			defaultConfigurationIsVisible = 0;
			defaultConfigurationName = Release;
		};
		EBD59566269922AC00685998 /* Build configuration list for PBXNativeTarget "WorkoutListAppUITests" */ = {
			isa = XCConfigurationList;
			buildConfigurations = (
				EBD59567269922AC00685998 /* Debug */,
				EBD59568269922AC00685998 /* Release */,
			);
			defaultConfigurationIsVisible = 0;
			defaultConfigurationName = Release;
		};
/* End XCConfigurationList section */
	};
	rootObject = EBD5952E269922AA00685998 /* Project object */;
}
